schema: '2.0'
stages:
  data_injection:
    cmd: python src\CNNClassifier\pipeline\stage_01_data_ingestion.py
    deps:
    - path: config\config.yaml
      hash: md5
      md5: b22955f0da6ee5f6b43acc06d75ce470
      size: 562
    - path: src\CNNClassifier\pipeline\stage_01_data_ingestion.py
      hash: md5
      md5: 1ecac02882f3ee0ac07d36e099924251
      size: 1158
    outs:
    - path: artifacts\data_injection\CT-KIDNEY-DATASET-Normal-Cyst-Tumor-Stone
      hash: md5
      md5: 480f02db6967e2017d804fca0430c1a4.dir
      size: 1661580918
      nfiles: 12446
  prepare_base_model:
    cmd: python src\CNNClassifier\pipeline\stage_02_prepare_base_model.py
    deps:
    - path: config\config.yaml
      hash: md5
      md5: b22955f0da6ee5f6b43acc06d75ce470
      size: 562
    - path: src\CNNClassifier\pipeline\stage_02_prepare_base_model.py
      hash: md5
      md5: acda2378341c997cc1003bbe1b2a659a
      size: 1202
    params:
      params.yaml:
        BATCH_SIZE: 32
        CLASSES: 4
        EPOCHS: 1
        IMAGE_SIZE:
        - 224
        - 224
        - 3
        LEARNING_RATE: 0.001
    outs:
    - path: artifacts\prepare_base_model\base_model.h5
      hash: md5
      md5: bb38437b203f5f40c079c93ea13c41ee
      size: 58920424
  training:
    cmd: python src\CNNClassifier\pipeline\stage_03_model_training.py
    deps:
    - path: artifacts\data_injection\CT-KIDNEY-DATASET-Normal-Cyst-Tumor-Stone
      hash: md5
      md5: 480f02db6967e2017d804fca0430c1a4.dir
      size: 1661580918
      nfiles: 12446
    - path: artifacts\prepare_base_model\base_model.h5
      hash: md5
      md5: bb38437b203f5f40c079c93ea13c41ee
      size: 58920424
    - path: config\config.yaml
      hash: md5
      md5: b22955f0da6ee5f6b43acc06d75ce470
      size: 562
    - path: src\CNNClassifier\pipeline\stage_03_model_training.py
      hash: md5
      md5: 2708e2750cd0311499157935d63e62e2
      size: 944
    params:
      params.yaml:
        AUGMENTATION: true
        BATCH_SIZE: 32
        CLASSES: 4
        EPOCHS: 1
        IMAGE_SIZE:
        - 224
        - 224
        - 3
        LEARNING_RATE: 0.001
    outs:
    - path: artifacts\training\model.h5
      hash: md5
      md5: c82b9831b6f9a0e74a9e3b4f17a6a64e
      size: 60142936
